
Microsoft Visual Studio Solution File, Format Version 12.00
# Visual Studio 14
VisualStudioVersion = 14.0.22823.1
MinimumVisualStudioVersion = 10.0.40219.1
Project("{FAE04EC0-301F-11D3-BF4B-00C04F79EFBC}") = "Rwb", "Rwb\Rwb.csproj", "{91982615-4DC2-4E91-AC64-5FFD7F446E86}"
EndProject
Project("{FAE04EC0-301F-11D3-BF4B-00C04F79EFBC}") = "Rwb.PowerShell", "Rwb.PowerShell\Rwb.PowerShell.csproj", "{654B85A3-1069-49D8-8A68-3E5CEEDC9B56}"
EndProject
Project("{FAE04EC0-301F-11D3-BF4B-00C04F79EFBC}") = "Rwb.PowerShell.Tests", "Rwb.PowerShell.Tests\Rwb.PowerShell.Tests.csproj", "{72EE4A47-37D8-425B-85EC-0BB571BC7B7D}"
EndProject
Project("{FAE04EC0-301F-11D3-BF4B-00C04F79EFBC}") = "Rwb.Testing", "Rwb.Testing\Rwb.Testing.csproj", "{AF1C3518-088A-4CAB-997F-9E796B29AEA5}"
EndProject
Project("{FAE04EC0-301F-11D3-BF4B-00C04F79EFBC}") = "Rwb.Tests", "Rwb.Tests\Rwb.Tests.csproj", "{2FB6D83D-7574-4B7C-A161-833F94CA1EBD}"
EndProject
Global
	GlobalSection(SolutionConfigurationPlatforms) = preSolution
		Debug|Any CPU = Debug|Any CPU
		Release|Any CPU = Release|Any CPU
	EndGlobalSection
	GlobalSection(ProjectConfigurationPlatforms) = postSolution
		{91982615-4DC2-4E91-AC64-5FFD7F446E86}.Debug|Any CPU.ActiveCfg = Debug|Any CPU
		{91982615-4DC2-4E91-AC64-5FFD7F446E86}.Debug|Any CPU.Build.0 = Debug|Any CPU
		{91982615-4DC2-4E91-AC64-5FFD7F446E86}.Release|Any CPU.ActiveCfg = Release|Any CPU
		{91982615-4DC2-4E91-AC64-5FFD7F446E86}.Release|Any CPU.Build.0 = Release|Any CPU
		{654B85A3-1069-49D8-8A68-3E5CEEDC9B56}.Debug|Any CPU.ActiveCfg = Debug|Any CPU
		{654B85A3-1069-49D8-8A68-3E5CEEDC9B56}.Debug|Any CPU.Build.0 = Debug|Any CPU
		{654B85A3-1069-49D8-8A68-3E5CEEDC9B56}.Release|Any CPU.ActiveCfg = Release|Any CPU
		{654B85A3-1069-49D8-8A68-3E5CEEDC9B56}.Release|Any CPU.Build.0 = Release|Any CPU
		{72EE4A47-37D8-425B-85EC-0BB571BC7B7D}.Debug|Any CPU.ActiveCfg = Debug|Any CPU
		{72EE4A47-37D8-425B-85EC-0BB571BC7B7D}.Debug|Any CPU.Build.0 = Debug|Any CPU
		{72EE4A47-37D8-425B-85EC-0BB571BC7B7D}.Release|Any CPU.ActiveCfg = Release|Any CPU
		{72EE4A47-37D8-425B-85EC-0BB571BC7B7D}.Release|Any CPU.Build.0 = Release|Any CPU
		{AF1C3518-088A-4CAB-997F-9E796B29AEA5}.Debug|Any CPU.ActiveCfg = Debug|Any CPU
		{AF1C3518-088A-4CAB-997F-9E796B29AEA5}.Debug|Any CPU.Build.0 = Debug|Any CPU
		{AF1C3518-088A-4CAB-997F-9E796B29AEA5}.Release|Any CPU.ActiveCfg = Release|Any CPU
		{AF1C3518-088A-4CAB-997F-9E796B29AEA5}.Release|Any CPU.Build.0 = Release|Any CPU
		{2FB6D83D-7574-4B7C-A161-833F94CA1EBD}.Debug|Any CPU.ActiveCfg = Debug|Any CPU
		{2FB6D83D-7574-4B7C-A161-833F94CA1EBD}.Debug|Any CPU.Build.0 = Debug|Any CPU
		{2FB6D83D-7574-4B7C-A161-833F94CA1EBD}.Release|Any CPU.ActiveCfg = Release|Any CPU
		{2FB6D83D-7574-4B7C-A161-833F94CA1EBD}.Release|Any CPU.Build.0 = Release|Any CPU
	EndGlobalSection
	GlobalSection(SolutionProperties) = preSolution
		HideSolutionNode = FALSE
	EndGlobalSection
EndGlobal
